
Microsoft Visual Studio Solution File, Format Version 12.00
# Visual Studio Version 17
VisualStudioVersion = 17.9.34701.34
MinimumVisualStudioVersion = 10.0.40219.1
Project("{FAE04EC0-301F-11D3-BF4B-00C04F79EFBC}") = "Lab1_Backend", "Lab1_Backend\Lab1_Backend.csproj", "{272DCD01-0641-4F9A-9FFD-A7B1D70F880C}"
EndProject
Global
	GlobalSection(SolutionConfigurationPlatforms) = preSolution
		Debug|Any CPU = Debug|Any CPU
		Release|Any CPU = Release|Any CPU
	EndGlobalSection
	GlobalSection(ProjectConfigurationPlatforms) = postSolution
		{272DCD01-0641-4F9A-9FFD-A7B1D70F880C}.Debug|Any CPU.ActiveCfg = Debug|Any CPU
		{272DCD01-0641-4F9A-9FFD-A7B1D70F880C}.Debug|Any CPU.Build.0 = Debug|Any CPU
		{272DCD01-0641-4F9A-9FFD-A7B1D70F880C}.Release|Any CPU.ActiveCfg = Release|Any CPU
		{272DCD01-0641-4F9A-9FFD-A7B1D70F880C}.Release|Any CPU.Build.0 = Release|Any CPU
	EndGlobalSection
	GlobalSection(SolutionProperties) = preSolution
		HideSolutionNode = FALSE
	EndGlobalSection
	GlobalSection(ExtensibilityGlobals) = postSolution
		SolutionGuid = {EF07129D-AAD0-47C5-BCB6-F190DF76D39A}
	EndGlobalSection
EndGlobal
